
Microsoft Visual Studio Solution File, Format Version 12.00
# Visual Studio Version 16
VisualStudioVersion = 16.0.30804.86
MinimumVisualStudioVersion = 10.0.40219.1
Project("{FAE04EC0-301F-11D3-BF4B-00C04F79EFBC}") = "WebApplication-.net", "WebApplication-.net\WebApplication-.net.csproj", "{946AB72F-EA24-4C43-8CD1-146DA2CDB4B9}"
EndProject
Global
	GlobalSection(SolutionConfigurationPlatforms) = preSolution
		Debug|Any CPU = Debug|Any CPU
		Release|Any CPU = Release|Any CPU
	EndGlobalSection
	GlobalSection(ProjectConfigurationPlatforms) = postSolution
		{946AB72F-EA24-4C43-8CD1-146DA2CDB4B9}.Debug|Any CPU.ActiveCfg = Debug|Any CPU
		{946AB72F-EA24-4C43-8CD1-146DA2CDB4B9}.Debug|Any CPU.Build.0 = Debug|Any CPU
		{946AB72F-EA24-4C43-8CD1-146DA2CDB4B9}.Release|Any CPU.ActiveCfg = Release|Any CPU
		{946AB72F-EA24-4C43-8CD1-146DA2CDB4B9}.Release|Any CPU.Build.0 = Release|Any CPU
	EndGlobalSection
	GlobalSection(SolutionProperties) = preSolution
		HideSolutionNode = FALSE
	EndGlobalSection
	GlobalSection(ExtensibilityGlobals) = postSolution
		SolutionGuid = {FC13767C-1659-48CC-A2D3-685E92EDC745}
	EndGlobalSection
EndGlobal
